Microsoft Visual Studio Solution File, Format Version 10.00
# Visual Studio 2008
Project("{8BC9CEB8-8B4A-11D0-8D11-00A0C91BC942}") = "diceII", "diceII.vcproj", "{00BCE038-AFC4-4E86-B698-4ED58BF82901}"
EndProject
Project("{2150E333-8FDC-42A3-9474-1A3956D46DE8}") = "Solution Items", "Solution Items", "{3419F151-B453-4F9E-A8F3-20C44979DA27}"
	ProjectSection(SolutionItems) = preProject
		..\..\..\..\interface\tcat_dice_myproduct.h = ..\..\..\..\interface\tcat_dice_myproduct.h
		..\..\..\..\interface\tcat_dice_version.h = ..\..\..\..\interface\tcat_dice_version.h
	EndProjectSection
EndProject
Global
	GlobalSection(SolutionConfigurationPlatforms) = preSolution
		Debug|Win32 = Debug|Win32
		Release|Win32 = Release|Win32
	EndGlobalSection
	GlobalSection(ProjectConfigurationPlatforms) = postSolution
		{00BCE038-AFC4-4E86-B698-4ED58BF82901}.Debug|Win32.ActiveCfg = Debug|Win32
		{00BCE038-AFC4-4E86-B698-4ED58BF82901}.Debug|Win32.Build.0 = Debug|Win32
		{00BCE038-AFC4-4E86-B698-4ED58BF82901}.Release|Win32.ActiveCfg = Release|Win32
		{00BCE038-AFC4-4E86-B698-4ED58BF82901}.Release|Win32.Build.0 = Release|Win32
	EndGlobalSection
	GlobalSection(SolutionProperties) = preSolution
		HideSolutionNode = FALSE
	EndGlobalSection
EndGlobal
